dependencies:
  espressif/cmake_utilities:
    component_hash: 351350613ceafba240b761b4ea991e0f231ac7a9f59a9ee901f751bddc0bb18f
    dependencies:
    - name: idf
      require: private
      version: '>=4.1'
    source:
      registry_url: https://components.espressif.com
      type: service
    version: 0.5.3
  espressif/esp_tinyusb:
    component_hash: 9a73a76a6bc17907f6e523342ff6b1e440023e8aac2c11f4691212106ec24e66
    dependencies:
    - name: idf
      require: private
      version: '>=5.0'
    - name: espressif/tinyusb
      registry_url: https://components.espressif.com
      require: public
      version: '>=0.17.0~2'
    source:
      registry_url: https://components.espressif.com/
      type: service
    targets:
    - esp32s2
    - esp32s3
    - esp32p4
    - esp32h4
    - esp32s31
    version: 2.2.1
  espressif/pwm_audio:
    component_hash: 01a391cd75fde699c7cc09bbd17673bbf6e31c3b357dec836709bd6af3af87ee
    dependencies:
    - name: idf
      require: private
      version: '>=4.3'
    - name: espressif/cmake_utilities
      registry_url: https://components.espressif.com
      require: private
      version: 0.*
    source:
      registry_url: https://components.espressif.com/
      type: service
    version: 1.1.2
  espressif/tinyusb:
    component_hash: a40b7f67df6ac254a4afd96c6401cc56f2059ae747d6d7e66b568bca53ad0edc
    dependencies:
    - name: idf
      require: private
      version: '>=5.0'
    source:
      registry_url: https://components.espressif.com
      type: service
    targets:
    - esp32s2
    - esp32s3
    - esp32p4
    - esp32h4
    - esp32s31
    version: 0.19.0~3
  idf:
    source:
      type: idf
    version: 6.0.2
direct_dependencies:
- espressif/esp_tinyusb
- espressif/pwm_audio
- idf
manifest_hash: ca85ad8d29a984814e43adbf31b8734421854dd5f51483627fc7fd4c40cc306a
target: esp32s3
version: 3.0.0
